
Microsoft Visual Studio Solution File, Format Version 12.00
# Visual Studio Version 16
VisualStudioVersion = 16.0.31424.327
MinimumVisualStudioVersion = 10.0.40219.1
Project("{FAE04EC0-301F-11D3-BF4B-00C04F79EFBC}") = "GitHubUsers.UWP", "GitHubUsers\GitHubUsers.UWP\GitHubUsers.UWP.csproj", "{9CCE87D8-27E4-4AFC-8612-5890CCB72B6C}"
EndProject
Project("{FAE04EC0-301F-11D3-BF4B-00C04F79EFBC}") = "GitHubUsers.Android", "GitHubUsers\GitHubUsers.Android\GitHubUsers.Android.csproj", "{4C1DEB88-212D-4F6B-897D-AB393AFEDFB9}"
EndProject
Project("{FAE04EC0-301F-11D3-BF4B-00C04F79EFBC}") = "GitHubUsers.iOS", "GitHubUsers\GitHubUsers.iOS\GitHubUsers.iOS.csproj", "{6A2A6308-DFA9-456B-A8B4-42C7F2094210}"
EndProject
Project("{FAE04EC0-301F-11D3-BF4B-00C04F79EFBC}") = "GitHubUsers", "GitHubUsers\GitHubUsers\GitHubUsers.csproj", "{442AF663-C694-4E14-84DD-E7209821C0B0}"
EndProject
Global
	GlobalSection(SolutionConfigurationPlatforms) = preSolution
		Debug|Any CPU = Debug|Any CPU
		Debug|ARM = Debug|ARM
		Debug|iPhone = Debug|iPhone
		Debug|iPhoneSimulator = Debug|iPhoneSimulator
		Debug|x64 = Debug|x64
		Debug|x86 = Debug|x86
		Release|Any CPU = Release|Any CPU
		Release|ARM = Release|ARM
		Release|iPhone = Release|iPhone
		Release|iPhoneSimulator = Release|iPhoneSimulator
		Release|x64 = Release|x64
		Release|x86 = Release|x86
	EndGlobalSection
	GlobalSection(ProjectConfigurationPlatforms) = postSolution
		{9CCE87D8-27E4-4AFC-8612-5890CCB72B6C}.Debug|Any CPU.ActiveCfg = Debug|x86
		{9CCE87D8-27E4-4AFC-8612-5890CCB72B6C}.Debug|Any CPU.Build.0 = Debug|x86
		{9CCE87D8-27E4-4AFC-8612-5890CCB72B6C}.Debug|Any CPU.Deploy.0 = Debug|x86
		{9CCE87D8-27E4-4AFC-8612-5890CCB72B6C}.Debug|ARM.ActiveCfg = Debug|ARM
		{9CCE87D8-27E4-4AFC-8612-5890CCB72B6C}.Debug|ARM.Build.0 = Debug|ARM
		{9CCE87D8-27E4-4AFC-8612-5890CCB72B6C}.Debug|ARM.Deploy.0 = Debug|ARM
		{9CCE87D8-27E4-4AFC-8612-5890CCB72B6C}.Debug|iPhone.ActiveCfg = Debug|x86
		{9CCE87D8-27E4-4AFC-8612-5890CCB72B6C}.Debug|iPhone.Build.0 = Debug|x86
		{9CCE87D8-27E4-4AFC-8612-5890CCB72B6C}.Debug|iPhone.Deploy.0 = Debug|x86
		{9CCE87D8-27E4-4AFC-8612-5890CCB72B6C}.Debug|iPhoneSimulator.ActiveCfg = Debug|x86
		{9CCE87D8-27E4-4AFC-8612-5890CCB72B6C}.Debug|iPhoneSimulator.Build.0 = Debug|x86
		{9CCE87D8-27E4-4AFC-8612-5890CCB72B6C}.Debug|iPhoneSimulator.Deploy.0 = Debug|x86
		{9CCE87D8-27E4-4AFC-8612-5890CCB72B6C}.Debug|x64.ActiveCfg = Debug|x64
		{9CCE87D8-27E4-4AFC-8612-5890CCB72B6C}.Debug|x64.Build.0 = Debug|x64
		{9CCE87D8-27E4-4AFC-8612-5890CCB72B6C}.Debug|x64.Deploy.0 = Debug|x64
		{9CCE87D8-27E4-4AFC-8612-5890CCB72B6C}.Debug|x86.ActiveCfg = Debug|x86
		{9CCE87D8-27E4-4AFC-8612-5890CCB72B6C}.Debug|x86.Build.0 = Debug|x86
		{9CCE87D8-27E4-4AFC-8612-5890CCB72B6C}.Debug|x86.Deploy.0 = Debug|x86
		{9CCE87D8-27E4-4AFC-8612-5890CCB72B6C}.Release|Any CPU.ActiveCfg = Release|x86
		{9CCE87D8-27E4-4AFC-8612-5890CCB72B6C}.Release|Any CPU.Build.0 = Release|x86
		{9CCE87D8-27E4-4AFC-8612-5890CCB72B6C}.Release|Any CPU.Deploy.0 = Release|x86
		{9CCE87D8-27E4-4AFC-8612-5890CCB72B6C}.Release|ARM.ActiveCfg = Release|ARM
		{9CCE87D8-27E4-4AFC-8612-5890CCB72B6C}.Release|ARM.Build.0 = Release|ARM
		{9CCE87D8-27E4-4AFC-8612-5890CCB72B6C}.Release|ARM.Deploy.0 = Release|ARM
		{9CCE87D8-27E4-4AFC-8612-5890CCB72B6C}.Release|iPhone.ActiveCfg = Release|x86
		{9CCE87D8-27E4-4AFC-8612-5890CCB72B6C}.Release|iPhone.Build.0 = Release|x86
		{9CCE87D8-27E4-4AFC-8612-5890CCB72B6C}.Release|iPhone.Deploy.0 = Release|x86
		{9CCE87D8-27E4-4AFC-8612-5890CCB72B6C}.Release|iPhoneSimulator.ActiveCfg = Release|x86
		{9CCE87D8-27E4-4AFC-8612-5890CCB72B6C}.Release|iPhoneSimulator.Build.0 = Release|x86
		{9CCE87D8-27E4-4AFC-8612-5890CCB72B6C}.Release|iPhoneSimulator.Deploy.0 = Release|x86
		{9CCE87D8-27E4-4AFC-8612-5890CCB72B6C}.Release|x64.ActiveCfg = Release|x64
		{9CCE87D8-27E4-4AFC-8612-5890CCB72B6C}.Release|x64.Build.0 = Release|x64
		{9CCE87D8-27E4-4AFC-8612-5890CCB72B6C}.Release|x64.Deploy.0 = Release|x64
		{9CCE87D8-27E4-4AFC-8612-5890CCB72B6C}.Release|x86.ActiveCfg = Release|x86
		{9CCE87D8-27E4-4AFC-8612-5890CCB72B6C}.Release|x86.Build.0 = Release|x86
		{9CCE87D8-27E4-4AFC-8612-5890CCB72B6C}.Release|x86.Deploy.0 = Release|x86
		{4C1DEB88-212D-4F6B-897D-AB393AFEDFB9}.Debug|Any CPU.ActiveCfg = Debug|Any CPU
		{4C1DEB88-212D-4F6B-897D-AB393AFEDFB9}.Debug|Any CPU.Build.0 = Debug|Any CPU
		{4C1DEB88-212D-4F6B-897D-AB393AFEDFB9}.Debug|Any CPU.Deploy.0 = Debug|Any CPU
		{4C1DEB88-212D-4F6B-897D-AB393AFEDFB9}.Debug|ARM.ActiveCfg = Debug|Any CPU
		{4C1DEB88-212D-4F6B-897D-AB393AFEDFB9}.Debug|ARM.Build.0 = Debug|Any CPU
		{4C1DEB88-212D-4F6B-897D-AB393AFEDFB9}.Debug|ARM.Deploy.0 = Debug|Any CPU
		{4C1DEB88-212D-4F6B-897D-AB393AFEDFB9}.Debug|iPhone.ActiveCfg = Debug|Any CPU
		{4C1DEB88-212D-4F6B-897D-AB393AFEDFB9}.Debug|iPhone.Build.0 = Debug|Any CPU
		{4C1DEB88-212D-4F6B-897D-AB393AFEDFB9}.Debug|iPhone.Deploy.0 = Debug|Any CPU
		{4C1DEB88-212D-4F6B-897D-AB393AFEDFB9}.Debug|iPhoneSimulator.ActiveCfg = Debug|Any CPU
		{4C1DEB88-212D-4F6B-897D-AB393AFEDFB9}.Debug|iPhoneSimulator.Build.0 = Debug|Any CPU
		{4C1DEB88-212D-4F6B-897D-AB393AFEDFB9}.Debug|iPhoneSimulator.Deploy.0 = Debug|Any CPU
		{4C1DEB88-212D-4F6B-897D-AB393AFEDFB9}.Debug|x64.ActiveCfg = Debug|Any CPU
		{4C1DEB88-212D-4F6B-897D-AB393AFEDFB9}.Debug|x64.Build.0 = Debug|Any CPU
		{4C1DEB88-212D-4F6B-897D-AB393AFEDFB9}.Debug|x64.Deploy.0 = Debug|Any CPU
		{4C1DEB88-212D-4F6B-897D-AB393AFEDFB9}.Debug|x86.ActiveCfg = Debug|Any CPU
		{4C1DEB88-212D-4F6B-897D-AB393AFEDFB9}.Debug|x86.Build.0 = Debug|Any CPU
		{4C1DEB88-212D-4F6B-897D-AB393AFEDFB9}.Debug|x86.Deploy.0 = Debug|Any CPU
		{4C1DEB88-212D-4F6B-897D-AB393AFEDFB9}.Release|Any CPU.ActiveCfg = Release|Any CPU
		{4C1DEB88-212D-4F6B-897D-AB393AFEDFB9}.Release|Any CPU.Build.0 = Release|Any CPU
		{4C1DEB88-212D-4F6B-897D-AB393AFEDFB9}.Release|Any CPU.Deploy.0 = Release|Any CPU
		{4C1DEB88-212D-4F6B-897D-AB393AFEDFB9}.Release|ARM.ActiveCfg = Release|Any CPU
		{4C1DEB88-212D-4F6B-897D-AB393AFEDFB9}.Release|ARM.Build.0 = Release|Any CPU
		{4C1DEB88-212D-4F6B-897D-AB393AFEDFB9}.Release|ARM.Deploy.0 = Release|Any CPU
		{4C1DEB88-212D-4F6B-897D-AB393AFEDFB9}.Release|iPhone.ActiveCfg = Release|Any CPU
		{4C1DEB88-212D-4F6B-897D-AB393AFEDFB9}.Release|iPhone.Build.0 = Release|Any CPU
		{4C1DEB88-212D-4F6B-897D-AB393AFEDFB9}.Release|iPhone.Deploy.0 = Release|Any CPU
		{4C1DEB88-212D-4F6B-897D-AB393AFEDFB9}.Release|iPhoneSimulator.ActiveCfg = Release|Any CPU
		{4C1DEB88-212D-4F6B-897D-AB393AFEDFB9}.Release|iPhoneSimulator.Build.0 = Release|Any CPU
		{4C1DEB88-212D-4F6B-897D-AB393AFEDFB9}.Release|iPhoneSimulator.Deploy.0 = Release|Any CPU
		{4C1DEB88-212D-4F6B-897D-AB393AFEDFB9}.Release|x64.ActiveCfg = Release|Any CPU
		{4C1DEB88-212D-4F6B-897D-AB393AFEDFB9}.Release|x64.Build.0 = Release|Any CPU
		{4C1DEB88-212D-4F6B-897D-AB393AFEDFB9}.Release|x64.Deploy.0 = Release|Any CPU
		{4C1DEB88-212D-4F6B-897D-AB393AFEDFB9}.Release|x86.ActiveCfg = Release|Any CPU
		{4C1DEB88-212D-4F6B-897D-AB393AFEDFB9}.Release|x86.Build.0 = Release|Any CPU
		{4C1DEB88-212D-4F6B-897D-AB393AFEDFB9}.Release|x86.Deploy.0 = Release|Any CPU
		{6A2A6308-DFA9-456B-A8B4-42C7F2094210}.Debug|Any CPU.ActiveCfg = Debug|iPhoneSimulator
		{6A2A6308-DFA9-456B-A8B4-42C7F2094210}.Debug|Any CPU.Build.0 = Debug|iPhoneSimulator
		{6A2A6308-DFA9-456B-A8B4-42C7F2094210}.Debug|Any CPU.Deploy.0 = Debug|iPhoneSimulator
		{6A2A6308-DFA9-456B-A8B4-42C7F2094210}.Debug|ARM.ActiveCfg = Debug|iPhone
		{6A2A6308-DFA9-456B-A8B4-42C7F2094210}.Debug|ARM.Build.0 = Debug|iPhone
		{6A2A6308-DFA9-456B-A8B4-42C7F2094210}.Debug|ARM.Deploy.0 = Debug|iPhone
		{6A2A6308-DFA9-456B-A8B4-42C7F2094210}.Debug|iPhone.ActiveCfg = Debug|iPhone
		{6A2A6308-DFA9-456B-A8B4-42C7F2094210}.Debug|iPhone.Build.0 = Debug|iPhone
		{6A2A6308-DFA9-456B-A8B4-42C7F2094210}.Debug|iPhone.Deploy.0 = Debug|iPhone
		{6A2A6308-DFA9-456B-A8B4-42C7F2094210}.Debug|iPhoneSimulator.ActiveCfg = Debug|iPhoneSimulator
		{6A2A6308-DFA9-456B-A8B4-42C7F2094210}.Debug|iPhoneSimulator.Build.0 = Debug|iPhoneSimulator
		{6A2A6308-DFA9-456B-A8B4-42C7F2094210}.Debug|iPhoneSimulator.Deploy.0 = Debug|iPhoneSimulator
		{6A2A6308-DFA9-456B-A8B4-42C7F2094210}.Debug|x64.ActiveCfg = Debug|iPhoneSimulator
		{6A2A6308-DFA9-456B-A8B4-42C7F2094210}.Debug|x64.Build.0 = Debug|iPhoneSimulator
		{6A2A6308-DFA9-456B-A8B4-42C7F2094210}.Debug|x64.Deploy.0 = Debug|iPhoneSimulator
		{6A2A6308-DFA9-456B-A8B4-42C7F2094210}.Debug|x86.ActiveCfg = Debug|iPhoneSimulator
		{6A2A6308-DFA9-456B-A8B4-42C7F2094210}.Debug|x86.Build.0 = Debug|iPhoneSimulator
		{6A2A6308-DFA9-456B-A8B4-42C7F2094210}.Debug|x86.Deploy.0 = Debug|iPhoneSimulator
		{6A2A6308-DFA9-456B-A8B4-42C7F2094210}.Release|Any CPU.ActiveCfg = Release|iPhoneSimulator
		{6A2A6308-DFA9-456B-A8B4-42C7F2094210}.Release|Any CPU.Build.0 = Release|iPhoneSimulator
		{6A2A6308-DFA9-456B-A8B4-42C7F2094210}.Release|Any CPU.Deploy.0 = Release|iPhoneSimulator
		{6A2A6308-DFA9-456B-A8B4-42C7F2094210}.Release|ARM.ActiveCfg = Release|iPhoneSimulator
		{6A2A6308-DFA9-456B-A8B4-42C7F2094210}.Release|ARM.Build.0 = Release|iPhoneSimulator
		{6A2A6308-DFA9-456B-A8B4-42C7F2094210}.Release|ARM.Deploy.0 = Release|iPhoneSimulator
		{6A2A6308-DFA9-456B-A8B4-42C7F2094210}.Release|iPhone.ActiveCfg = Release|iPhone
		{6A2A6308-DFA9-456B-A8B4-42C7F2094210}.Release|iPhone.Build.0 = Release|iPhone
		{6A2A6308-DFA9-456B-A8B4-42C7F2094210}.Release|iPhone.Deploy.0 = Release|iPhone
		{6A2A6308-DFA9-456B-A8B4-42C7F2094210}.Release|iPhoneSimulator.ActiveCfg = Release|iPhoneSimulator
		{6A2A6308-DFA9-456B-A8B4-42C7F2094210}.Release|iPhoneSimulator.Build.0 = Release|iPhoneSimulator
		{6A2A6308-DFA9-456B-A8B4-42C7F2094210}.Release|iPhoneSimulator.Deploy.0 = Release|iPhoneSimulator
		{6A2A6308-DFA9-456B-A8B4-42C7F2094210}.Release|x64.ActiveCfg = Release|iPhoneSimulator
		{6A2A6308-DFA9-456B-A8B4-42C7F2094210}.Release|x64.Build.0 = Release|iPhoneSimulator
		{6A2A6308-DFA9-456B-A8B4-42C7F2094210}.Release|x64.Deploy.0 = Release|iPhoneSimulator
		{6A2A6308-DFA9-456B-A8B4-42C7F2094210}.Release|x86.ActiveCfg = Release|iPhoneSimulator
		{6A2A6308-DFA9-456B-A8B4-42C7F2094210}.Release|x86.Build.0 = Release|iPhoneSimulator
		{6A2A6308-DFA9-456B-A8B4-42C7F2094210}.Release|x86.Deploy.0 = Release|iPhoneSimulator
		{442AF663-C694-4E14-84DD-E7209821C0B0}.Debug|Any CPU.ActiveCfg = Debug|Any CPU
		{442AF663-C694-4E14-84DD-E7209821C0B0}.Debug|Any CPU.Build.0 = Debug|Any CPU
		{442AF663-C694-4E14-84DD-E7209821C0B0}.Debug|Any CPU.Deploy.0 = Debug|Any CPU
		{442AF663-C694-4E14-84DD-E7209821C0B0}.Debug|ARM.ActiveCfg = Debug|Any CPU
		{442AF663-C694-4E14-84DD-E7209821C0B0}.Debug|ARM.Build.0 = Debug|Any CPU
		{442AF663-C694-4E14-84DD-E7209821C0B0}.Debug|ARM.Deploy.0 = Debug|Any CPU
		{442AF663-C694-4E14-84DD-E7209821C0B0}.Debug|iPhone.ActiveCfg = Debug|Any CPU
		{442AF663-C694-4E14-84DD-E7209821C0B0}.Debug|iPhone.Build.0 = Debug|Any CPU
		{442AF663-C694-4E14-84DD-E7209821C0B0}.Debug|iPhone.Deploy.0 = Debug|Any CPU
		{442AF663-C694-4E14-84DD-E7209821C0B0}.Debug|iPhoneSimulator.ActiveCfg = Debug|Any CPU
		{442AF663-C694-4E14-84DD-E7209821C0B0}.Debug|iPhoneSimulator.Build.0 = Debug|Any CPU
		{442AF663-C694-4E14-84DD-E7209821C0B0}.Debug|iPhoneSimulator.Deploy.0 = Debug|Any CPU
		{442AF663-C694-4E14-84DD-E7209821C0B0}.Debug|x64.ActiveCfg = Debug|Any CPU
		{442AF663-C694-4E14-84DD-E7209821C0B0}.Debug|x64.Build.0 = Debug|Any CPU
		{442AF663-C694-4E14-84DD-E7209821C0B0}.Debug|x64.Deploy.0 = Debug|Any CPU
		{442AF663-C694-4E14-84DD-E7209821C0B0}.Debug|x86.ActiveCfg = Debug|Any CPU
		{442AF663-C694-4E14-84DD-E7209821C0B0}.Debug|x86.Build.0 = Debug|Any CPU
		{442AF663-C694-4E14-84DD-E7209821C0B0}.Debug|x86.Deploy.0 = Debug|Any CPU
		{442AF663-C694-4E14-84DD-E7209821C0B0}.Release|Any CPU.ActiveCfg = Release|Any CPU
		{442AF663-C694-4E14-84DD-E7209821C0B0}.Release|Any CPU.Build.0 = Release|Any CPU
		{442AF663-C694-4E14-84DD-E7209821C0B0}.Release|Any CPU.Deploy.0 = Release|Any CPU
		{442AF663-C694-4E14-84DD-E7209821C0B0}.Release|ARM.ActiveCfg = Release|Any CPU
		{442AF663-C694-4E14-84DD-E7209821C0B0}.Release|ARM.Build.0 = Release|Any CPU
		{442AF663-C694-4E14-84DD-E7209821C0B0}.Release|ARM.Deploy.0 = Release|Any CPU
		{442AF663-C694-4E14-84DD-E7209821C0B0}.Release|iPhone.ActiveCfg = Release|Any CPU
		{442AF663-C694-4E14-84DD-E7209821C0B0}.Release|iPhone.Build.0 = Release|Any CPU
		{442AF663-C694-4E14-84DD-E7209821C0B0}.Release|iPhone.Deploy.0 = Release|Any CPU
		{442AF663-C694-4E14-84DD-E7209821C0B0}.Release|iPhoneSimulator.ActiveCfg = Release|Any CPU
		{442AF663-C694-4E14-84DD-E7209821C0B0}.Release|iPhoneSimulator.Build.0 = Release|Any CPU
		{442AF663-C694-4E14-84DD-E7209821C0B0}.Release|iPhoneSimulator.Deploy.0 = Release|Any CPU
		{442AF663-C694-4E14-84DD-E7209821C0B0}.Release|x64.ActiveCfg = Release|Any CPU
		{442AF663-C694-4E14-84DD-E7209821C0B0}.Release|x64.Build.0 = Release|Any CPU
		{442AF663-C694-4E14-84DD-E7209821C0B0}.Release|x64.Deploy.0 = Release|Any CPU
		{442AF663-C694-4E14-84DD-E7209821C0B0}.Release|x86.ActiveCfg = Release|Any CPU
		{442AF663-C694-4E14-84DD-E7209821C0B0}.Release|x86.Build.0 = Release|Any CPU
		{442AF663-C694-4E14-84DD-E7209821C0B0}.Release|x86.Deploy.0 = Release|Any CPU
	EndGlobalSection
	GlobalSection(SolutionProperties) = preSolution
		HideSolutionNode = FALSE
	EndGlobalSection
	GlobalSection(ExtensibilityGlobals) = postSolution
		SolutionGuid = {F075278A-FA23-4782-B6E3-5996D0AF67E9}
	EndGlobalSection
EndGlobal
